
Microsoft Visual Studio Solution File, Format Version 12.00
# Visual Studio Version 17
VisualStudioVersion = 17.1.32421.90
MinimumVisualStudioVersion = 10.0.40219.1
Project("{FAE04EC0-301F-11D3-BF4B-00C04F79EFBC}") = "StockTest", "StockTest\StockTest.csproj", "{1615228C-1DEE-4E74-8267-71253A2B3DDC}"
EndProject
Project("{9A19103F-16F7-4668-BE54-9A1E7A4F7556}") = "GetDataService", "GetDataService\GetDataService.csproj", "{491677DD-31C2-42C4-90C6-EEBD75715969}"
EndProject
Project("{FAE04EC0-301F-11D3-BF4B-00C04F79EFBC}") = "历史数据分析", "历史数据分析\历史数据分析.csproj", "{B3E666CE-D5AE-4454-89E8-62EF7F24EC9C}"
EndProject
Project("{FAE04EC0-301F-11D3-BF4B-00C04F79EFBC}") = "AutoClick", "AutoClick\AutoClick.csproj", "{93410A59-0BC4-474B-81A7-919FB6BBE3D4}"
EndProject
Project("{FAE04EC0-301F-11D3-BF4B-00C04F79EFBC}") = "AutoDeal", "AutoDeal\AutoDeal.csproj", "{30E42898-35D1-4843-BA03-4561232FBC67}"
EndProject
Global
	GlobalSection(SolutionConfigurationPlatforms) = preSolution
		Debug|Any CPU = Debug|Any CPU
		Release|Any CPU = Release|Any CPU
	EndGlobalSection
	GlobalSection(ProjectConfigurationPlatforms) = postSolution
		{1615228C-1DEE-4E74-8267-71253A2B3DDC}.Debug|Any CPU.ActiveCfg = Debug|Any CPU
		{1615228C-1DEE-4E74-8267-71253A2B3DDC}.Debug|Any CPU.Build.0 = Debug|Any CPU
		{1615228C-1DEE-4E74-8267-71253A2B3DDC}.Release|Any CPU.ActiveCfg = Release|Any CPU
		{1615228C-1DEE-4E74-8267-71253A2B3DDC}.Release|Any CPU.Build.0 = Release|Any CPU
		{491677DD-31C2-42C4-90C6-EEBD75715969}.Debug|Any CPU.ActiveCfg = Debug|Any CPU
		{491677DD-31C2-42C4-90C6-EEBD75715969}.Debug|Any CPU.Build.0 = Debug|Any CPU
		{491677DD-31C2-42C4-90C6-EEBD75715969}.Release|Any CPU.ActiveCfg = Release|Any CPU
		{491677DD-31C2-42C4-90C6-EEBD75715969}.Release|Any CPU.Build.0 = Release|Any CPU
		{B3E666CE-D5AE-4454-89E8-62EF7F24EC9C}.Debug|Any CPU.ActiveCfg = Debug|Any CPU
		{B3E666CE-D5AE-4454-89E8-62EF7F24EC9C}.Debug|Any CPU.Build.0 = Debug|Any CPU
		{B3E666CE-D5AE-4454-89E8-62EF7F24EC9C}.Release|Any CPU.ActiveCfg = Release|Any CPU
		{B3E666CE-D5AE-4454-89E8-62EF7F24EC9C}.Release|Any CPU.Build.0 = Release|Any CPU
		{93410A59-0BC4-474B-81A7-919FB6BBE3D4}.Debug|Any CPU.ActiveCfg = Debug|Any CPU
		{93410A59-0BC4-474B-81A7-919FB6BBE3D4}.Debug|Any CPU.Build.0 = Debug|Any CPU
		{93410A59-0BC4-474B-81A7-919FB6BBE3D4}.Release|Any CPU.ActiveCfg = Release|Any CPU
		{93410A59-0BC4-474B-81A7-919FB6BBE3D4}.Release|Any CPU.Build.0 = Release|Any CPU
		{30E42898-35D1-4843-BA03-4561232FBC67}.Debug|Any CPU.ActiveCfg = Debug|Any CPU
		{30E42898-35D1-4843-BA03-4561232FBC67}.Debug|Any CPU.Build.0 = Debug|Any CPU
		{30E42898-35D1-4843-BA03-4561232FBC67}.Release|Any CPU.ActiveCfg = Release|Any CPU
		{30E42898-35D1-4843-BA03-4561232FBC67}.Release|Any CPU.Build.0 = Release|Any CPU
	EndGlobalSection
	GlobalSection(SolutionProperties) = preSolution
		HideSolutionNode = FALSE
	EndGlobalSection
	GlobalSection(ExtensibilityGlobals) = postSolution
		SolutionGuid = {871B4803-FA24-4E05-9C77-8E630E28FB9B}
	EndGlobalSection
EndGlobal
