
Microsoft Visual Studio Solution File, Format Version 12.00
# Visual Studio Version 17
VisualStudioVersion = 17.1.32421.90
MinimumVisualStudioVersion = 10.0.40219.1
Project("{FAE04EC0-301F-11D3-BF4B-00C04F79EFBC}") = "StockTest", "StockTest\StockTest.csproj", "{1615228C-1DEE-4E74-8267-71253A2B3DDC}"
EndProject
Global
	GlobalSection(SolutionConfigurationPlatforms) = preSolution
		Debug|Any CPU = Debug|Any CPU
		Release|Any CPU = Release|Any CPU
	EndGlobalSection
	GlobalSection(ProjectConfigurationPlatforms) = postSolution
		{1615228C-1DEE-4E74-8267-71253A2B3DDC}.Debug|Any CPU.ActiveCfg = Debug|Any CPU
		{1615228C-1DEE-4E74-8267-71253A2B3DDC}.Debug|Any CPU.Build.0 = Debug|Any CPU
		{1615228C-1DEE-4E74-8267-71253A2B3DDC}.Release|Any CPU.ActiveCfg = Release|Any CPU
		{1615228C-1DEE-4E74-8267-71253A2B3DDC}.Release|Any CPU.Build.0 = Release|Any CPU
	EndGlobalSection
	GlobalSection(SolutionProperties) = preSolution
		HideSolutionNode = FALSE
	EndGlobalSection
	GlobalSection(ExtensibilityGlobals) = postSolution
		SolutionGuid = {871B4803-FA24-4E05-9C77-8E630E28FB9B}
	EndGlobalSection
EndGlobal
